Microsoft Visual Studio Solution File, Format Version 11.00
# Visual Studio 2008

Project("{44451502-6F7F-A057-706B-EA13B8FAFDC4}") = "NPCTown", "Assembly-CSharp-firstpass.csproj", "{AB23255C-36D2-1576-386A-752DC998F866}"
EndProject
Project("{44451502-6F7F-A057-706B-EA13B8FAFDC4}") = "NPCTown", "Assembly-CSharp-Editor.csproj", "{A31616C9-A5C7-2D9A-1FCE-4782454518DF}"
EndProject
Project("{44451502-6F7F-A057-706B-EA13B8FAFDC4}") = "NPCTown", "Assembly-UnityScript-firstpass.unityproj", "{310B1D7B-6B7D-A7D0-3615-21BF798E1533}"
EndProject
Project("{44451502-6F7F-A057-706B-EA13B8FAFDC4}") = "NPCTown", "Assembly-UnityScript.unityproj", "{F81434B4-E57E-A3B1-6816-394F51AE12E3}"
EndProject
Global
	GlobalSection(SolutionConfigurationPlatforms) = preSolution
		Debug|Any CPU = Debug|Any CPU
		Release|Any CPU = Release|Any CPU
	EndGlobalSection
	GlobalSection(ProjectConfigurationPlatforms) = postSolution
		{AB23255C-36D2-1576-386A-752DC998F866}.Debug|Any CPU.ActiveCfg = Debug|Any CPU
		{AB23255C-36D2-1576-386A-752DC998F866}.Debug|Any CPU.Build.0 = Debug|Any CPU
		{AB23255C-36D2-1576-386A-752DC998F866}.Release|Any CPU.ActiveCfg = Release|Any CPU
		{AB23255C-36D2-1576-386A-752DC998F866}.Release|Any CPU.Build.0 = Release|Any CPU
		{A31616C9-A5C7-2D9A-1FCE-4782454518DF}.Debug|Any CPU.ActiveCfg = Debug|Any CPU
		{A31616C9-A5C7-2D9A-1FCE-4782454518DF}.Debug|Any CPU.Build.0 = Debug|Any CPU
		{A31616C9-A5C7-2D9A-1FCE-4782454518DF}.Release|Any CPU.ActiveCfg = Release|Any CPU
		{A31616C9-A5C7-2D9A-1FCE-4782454518DF}.Release|Any CPU.Build.0 = Release|Any CPU
		{310B1D7B-6B7D-A7D0-3615-21BF798E1533}.Debug|Any CPU.ActiveCfg = Debug|Any CPU
		{310B1D7B-6B7D-A7D0-3615-21BF798E1533}.Debug|Any CPU.Build.0 = Debug|Any CPU
		{310B1D7B-6B7D-A7D0-3615-21BF798E1533}.Release|Any CPU.ActiveCfg = Release|Any CPU
		{310B1D7B-6B7D-A7D0-3615-21BF798E1533}.Release|Any CPU.Build.0 = Release|Any CPU
		{F81434B4-E57E-A3B1-6816-394F51AE12E3}.Debug|Any CPU.ActiveCfg = Debug|Any CPU
		{F81434B4-E57E-A3B1-6816-394F51AE12E3}.Debug|Any CPU.Build.0 = Debug|Any CPU
		{F81434B4-E57E-A3B1-6816-394F51AE12E3}.Release|Any CPU.ActiveCfg = Release|Any CPU
		{F81434B4-E57E-A3B1-6816-394F51AE12E3}.Release|Any CPU.Build.0 = Release|Any CPU
	EndGlobalSection
	GlobalSection(SolutionProperties) = preSolution
		HideSolutionNode = FALSE
	EndGlobalSection
																																																																																																									GlobalSection(MonoDevelopProperties) = preSolution
		StartupItem = Assembly-CSharp.csproj
		Policies = $0
		$0.TextStylePolicy = $1
		$1.inheritsSet = null
		$1.scope = text/x-csharp
		$0.CSharpFormattingPolicy = $2
		$2.inheritsSet = Mono
		$2.inheritsScope = text/x-csharp
		$2.scope = text/x-csharp
		$0.TextStylePolicy = $3
		$3.FileWidth = 120
		$3.TabWidth = 4
		$3.EolMarker = Unix
		$3.inheritsSet = Mono
		$3.inheritsScope = text/plain
		$3.scope = text/plain
	EndGlobalSection

EndGlobal
